<?xml version="1.0" encoding="utf-8"?>
<Project ToolsVersion="4.0" xmlns="http://schemas.microsoft.com/developer/msbuild/2003">
  <ItemGroup>
    <Filter Include="Исходные файлы">
      <UniqueIdentifier>{4FC737F1-C7A5-4376-A066-2A32D752A2FF}</UniqueIdentifier>
      <Extensions>cpp;c;cc;cxx;c++;cppm;ixx;def;odl;idl;hpj;bat;asm;asmx</Extensions>
    </Filter>
    <Filter Include="Файлы заголовков">
      <UniqueIdentifier>{93995380-89BD-4b04-88EB-625FBE52EBFB}</UniqueIdentifier>
      <Extensions>h;hh;hpp;hxx;h++;hm;inl;inc;ipp;xsd</Extensions>
    </Filter>
    <Filter Include="Файлы ресурсов">
      <UniqueIdentifier>{67DA6AB6-F800-4c08-8B7A-83BB121AAD01}</UniqueIdentifier>
      <Extensions>rc;ico;cur;bmp;dlg;rc2;rct;bin;rgs;gif;jpg;jpeg;jpe;resx;tiff;tif;png;wav;mfcribbon-ms</Extensions>
    </Filter>
    <Filter Include="App">
      <UniqueIdentifier>{a354c352-3aa6-4a55-89e9-7399dc06cf30}</UniqueIdentifier>
    </Filter>
    <Filter Include="GameEngine">
      <UniqueIdentifier>{2e8c7c32-7119-426d-9f18-388cdab2cc21}</UniqueIdentifier>
    </Filter>
    <Filter Include="GameEngine\WindowingSys">
      <UniqueIdentifier>{66c78fd5-cbea-4573-bad1-556913dc84c3}</UniqueIdentifier>
    </Filter>
    <Filter Include="GameEngine\GraphicEngine">
      <UniqueIdentifier>{adf06fcc-c504-4ead-ad9d-60893367108f}</UniqueIdentifier>
    </Filter>
    <Filter Include="GameEngine\GraphicEngine\SwapChain">
      <UniqueIdentifier>{b2464572-31a2-4d45-9f75-ed07780faa94}</UniqueIdentifier>
    </Filter>
    <Filter Include="GameEngine\GraphicEngine\DeviceContext">
      <UniqueIdentifier>{43d9c1cb-2972-4549-a605-8a19abcf9cd0}</UniqueIdentifier>
    </Filter>
  </ItemGroup>
  <ItemGroup>
    <ClCompile Include="main.cpp">
      <Filter>App</Filter>
    </ClCompile>
    <ClCompile Include="App.cpp">
      <Filter>Исходные файлы</Filter>
    </ClCompile>
    <ClCompile Include="Window.cpp">
      <Filter>GameEngine\WindowingSys</Filter>
    </ClCompile>
    <ClCompile Include="GraphicEngine.cpp">
      <Filter>GameEngine\GraphicEngine</Filter>
    </ClCompile>
    <ClCompile Include="SwapChain.cpp">
      <Filter>GameEngine\GraphicEngine\SwapChain</Filter>
    </ClCompile>
    <ClCompile Include="DeviceContext.cpp">
      <Filter>GameEngine\GraphicEngine\DeviceContext</Filter>
    </ClCompile>
  </ItemGroup>
  <ItemGroup>
    <ClInclude Include="App.h">
      <Filter>Файлы заголовков</Filter>
    </ClInclude>
    <ClInclude Include="Window.h">
      <Filter>GameEngine\WindowingSys</Filter>
    </ClInclude>
    <ClInclude Include="GraphicEngine.h">
      <Filter>GameEngine\GraphicEngine</Filter>
    </ClInclude>
    <ClInclude Include="SwapChain.h">
      <Filter>GameEngine\GraphicEngine\SwapChain</Filter>
    </ClInclude>
    <ClInclude Include="DeviceContext.h">
      <Filter>GameEngine\GraphicEngine\DeviceContext</Filter>
    </ClInclude>
  </ItemGroup>
  <ItemGroup>
    <None Include="packages.config" />
  </ItemGroup>
</Project>